// !$*UTF8*$!
{
	archiveVersion = 1;
	classes = {
	};
	objectVersion = 46;
	objects = {

/* Begin PBXBuildFile section */
		C3B64C3F1B55321700E1A693 /* main.m in Sources */ = {isa = PBXBuildFile; fileRef = C3B64C3E1B55321700E1A693 /* main.m */; };
		C3B64C421B55321700E1A693 /* AppDelegate.m in Sources */ = {isa = PBXBuildFile; fileRef = C3B64C411B55321700E1A693 /* AppDelegate.m */; };
		C3B64C4A1B55321700E1A693 /* Images.xcassets in Resources */ = {isa = PBXBuildFile; fileRef = C3B64C491B55321700E1A693 /* Images.xcassets */; };
		C3B64C591B55321800E1A693 /* EABrightcoveTestAppTests.m in Sources */ = {isa = PBXBuildFile; fileRef = C3B64C581B55321800E1A693 /* EABrightcoveTestAppTests.m */; };
		E7526FA20263366758358B7C /* libPods.a in Frameworks */ = {isa = PBXBuildFile; fileRef = 5A2EDB04F9CBFCFD12FCF151 /* libPods.a */; };
/* End PBXBuildFile section */

/* Begin PBXContainerItemProxy section */
		C3B64C531B55321800E1A693 /* PBXContainerItemProxy */ = {
			isa = PBXContainerItemProxy;
			containerPortal = C3B64C311B55321700E1A693 /* Project object */;
			proxyType = 1;
			remoteGlobalIDString = C3B64C381B55321700E1A693;
			remoteInfo = EABrightcoveTestApp;
		};
/* End PBXContainerItemProxy section */

/* Begin PBXFileReference section */
		5A2EDB04F9CBFCFD12FCF151 /* libPods.a */ = {isa = PBXFileReference; explicitFileType = archive.ar; includeInIndex = 0; path = libPods.a; sourceTree = BUILT_PRODUCTS_DIR; };
		6D2CE1BD57195F8042D06078 /* Pods.debug.xcconfig */ = {isa = PBXFileReference; includeInIndex = 1; lastKnownFileType = text.xcconfig; name = Pods.debug.xcconfig; path = "Pods/Target Support Files/Pods/Pods.debug.xcconfig"; sourceTree = "<group>"; };
		75845D63EB4F63D8EB2AF57B /* Pods.release.xcconfig */ = {isa = PBXFileReference; includeInIndex = 1; lastKnownFileType = text.xcconfig; name = Pods.release.xcconfig; path = "Pods/Target Support Files/Pods/Pods.release.xcconfig"; sourceTree = "<group>"; };
		C3B64C391B55321700E1A693 /* EABrightcoveTestApp.app */ = {isa = PBXFileReference; explicitFileType = wrapper.application; includeInIndex = 0; path = EABrightcoveTestApp.app; sourceTree = BUILT_PRODUCTS_DIR; };
		C3B64C3D1B55321700E1A693 /* Info.plist */ = {isa = PBXFileReference; lastKnownFileType = text.plist.xml; path = Info.plist; sourceTree = "<group>"; };
		C3B64C3E1B55321700E1A693 /* main.m */ = {isa = PBXFileReference; lastKnownFileType = sourcecode.c.objc; path = main.m; sourceTree = "<group>"; };
		C3B64C401B55321700E1A693 /* AppDelegate.h */ = {isa = PBXFileReference; lastKnownFileType = sourcecode.c.h; path = AppDelegate.h; sourceTree = "<group>"; };
		C3B64C411B55321700E1A693 /* AppDelegate.m */ = {isa = PBXFileReference; lastKnownFileType = sourcecode.c.objc; path = AppDelegate.m; sourceTree = "<group>"; };
		C3B64C491B55321700E1A693 /* Images.xcassets */ = {isa = PBXFileReference; lastKnownFileType = folder.assetcatalog; path = Images.xcassets; sourceTree = "<group>"; };
		C3B64C521B55321800E1A693 /* EABrightcoveTestAppTests.xctest */ = {isa = PBXFileReference; explicitFileType = wrapper.cfbundle; includeInIndex = 0; path = EABrightcoveTestAppTests.xctest; sourceTree = BUILT_PRODUCTS_DIR; };
		C3B64C571B55321800E1A693 /* Info.plist */ = {isa = PBXFileReference; lastKnownFileType = text.plist.xml; path = Info.plist; sourceTree = "<group>"; };
		C3B64C581B55321800E1A693 /* EABrightcoveTestAppTests.m */ = {isa = PBXFileReference; lastKnownFileType = sourcecode.c.objc; path = EABrightcoveTestAppTests.m; sourceTree = "<group>"; };
/* End PBXFileReference section */

/* Begin PBXFrameworksBuildPhase section */
		C3B64C361B55321700E1A693 /* Frameworks */ = {
			isa = PBXFrameworksBuildPhase;
			buildActionMask = 2147483647;
			files = (
				E7526FA20263366758358B7C /* libPods.a in Frameworks */,
			);
			runOnlyForDeploymentPostprocessing = 0;
		};
		C3B64C4F1B55321800E1A693 /* Frameworks */ = {
			isa = PBXFrameworksBuildPhase;
			buildActionMask = 2147483647;
			files = (
			);
			runOnlyForDeploymentPostprocessing = 0;
		};
/* End PBXFrameworksBuildPhase section */

/* Begin PBXGroup section */
		178B026AC9CF4F56A45C4F5D /* Frameworks */ = {
			isa = PBXGroup;
			children = (
				5A2EDB04F9CBFCFD12FCF151 /* libPods.a */,
			);
			name = Frameworks;
			sourceTree = "<group>";
		};
		23C37A668361BE1053842430 /* Pods */ = {
			isa = PBXGroup;
			children = (
				6D2CE1BD57195F8042D06078 /* Pods.debug.xcconfig */,
				75845D63EB4F63D8EB2AF57B /* Pods.release.xcconfig */,
			);
			name = Pods;
			sourceTree = "<group>";
		};
		C3B64C301B55321700E1A693 = {
			isa = PBXGroup;
			children = (
				C3B64C3B1B55321700E1A693 /* EABrightcoveTestApp */,
				C3B64C551B55321800E1A693 /* EABrightcoveTestAppTests */,
				C3B64C3A1B55321700E1A693 /* Products */,
				23C37A668361BE1053842430 /* Pods */,
				178B026AC9CF4F56A45C4F5D /* Frameworks */,
			);
			sourceTree = "<group>";
		};
		C3B64C3A1B55321700E1A693 /* Products */ = {
			isa = PBXGroup;
			children = (
				C3B64C391B55321700E1A693 /* EABrightcoveTestApp.app */,
				C3B64C521B55321800E1A693 /* EABrightcoveTestAppTests.xctest */,
			);
			name = Products;
			sourceTree = "<group>";
		};
		C3B64C3B1B55321700E1A693 /* EABrightcoveTestApp */ = {
			isa = PBXGroup;
			children = (
				C3B64C401B55321700E1A693 /* AppDelegate.h */,
				C3B64C411B55321700E1A693 /* AppDelegate.m */,
				C3B64C491B55321700E1A693 /* Images.xcassets */,
				C3B64C3C1B55321700E1A693 /* Supporting Files */,
			);
			path = EABrightcoveTestApp;
			sourceTree = "<group>";
		};
		C3B64C3C1B55321700E1A693 /* Supporting Files */ = {
			isa = PBXGroup;
			children = (
				C3B64C3D1B55321700E1A693 /* Info.plist */,
				C3B64C3E1B55321700E1A693 /* main.m */,
			);
			name = "Supporting Files";
			sourceTree = "<group>";
		};
		C3B64C551B55321800E1A693 /* EABrightcoveTestAppTests */ = {
			isa = PBXGroup;
			children = (
				C3B64C581B55321800E1A693 /* EABrightcoveTestAppTests.m */,
				C3B64C561B55321800E1A693 /* Supporting Files */,
			);
			path = EABrightcoveTestAppTests;
			sourceTree = "<group>";
		};
		C3B64C561B55321800E1A693 /* Supporting Files */ = {
			isa = PBXGroup;
			children = (
				C3B64C571B55321800E1A693 /* Info.plist */,
			);
			name = "Supporting Files";
			sourceTree = "<group>";
		};
/* End PBXGroup section */

/* Begin PBXNativeTarget section */
		C3B64C381B55321700E1A693 /* EABrightcoveTestApp */ = {
			isa = PBXNativeTarget;
			buildConfigurationList = C3B64C5C1B55321800E1A693 /* Build configuration list for PBXNativeTarget "EABrightcoveTestApp" */;
			buildPhases = (
				CC360EE1A4566FB12CBBFF49 /* Check Pods Manifest.lock */,
				C3B64C351B55321700E1A693 /* Sources */,
				C3B64C361B55321700E1A693 /* Frameworks */,
				C3B64C371B55321700E1A693 /* Resources */,
				ADB77FDCE55C26D9D78F9D2C /* Copy Pods Resources */,
			);
			buildRules = (
			);
			dependencies = (
			);
			name = EABrightcoveTestApp;
			productName = EABrightcoveTestApp;
			productReference = C3B64C391B55321700E1A693 /* EABrightcoveTestApp.app */;
			productType = "com.apple.product-type.application";
		};
		C3B64C511B55321800E1A693 /* EABrightcoveTestAppTests */ = {
			isa = PBXNativeTarget;
			buildConfigurationList = C3B64C5F1B55321800E1A693 /* Build configuration list for PBXNativeTarget "EABrightcoveTestAppTests" */;
			buildPhases = (
				C3B64C4E1B55321800E1A693 /* Sources */,
				C3B64C4F1B55321800E1A693 /* Frameworks */,
				C3B64C501B55321800E1A693 /* Resources */,
			);
			buildRules = (
			);
			dependencies = (
				C3B64C541B55321800E1A693 /* PBXTargetDependency */,
			);
			name = EABrightcoveTestAppTests;
			productName = EABrightcoveTestAppTests;
			productReference = C3B64C521B55321800E1A693 /* EABrightcoveTestAppTests.xctest */;
			productType = "com.apple.product-type.bundle.unit-test";
		};
/* End PBXNativeTarget section */

/* Begin PBXProject section */
		C3B64C311B55321700E1A693 /* Project object */ = {
			isa = PBXProject;
			attributes = {
				LastUpgradeCheck = 0640;
				ORGANIZATIONNAME = egay;
				TargetAttributes = {
					C3B64C381B55321700E1A693 = {
						CreatedOnToolsVersion = 6.4;
					};
					C3B64C511B55321800E1A693 = {
						CreatedOnToolsVersion = 6.4;
						TestTargetID = C3B64C381B55321700E1A693;
					};
				};
			};
			buildConfigurationList = C3B64C341B55321700E1A693 /* Build configuration list for PBXProject "EABrightcoveTestApp" */;
			compatibilityVersion = "Xcode 3.2";
			developmentRegion = English;
			hasScannedForEncodings = 0;
			knownRegions = (
				en,
				Base,
			);
			mainGroup = C3B64C301B55321700E1A693;
			productRefGroup = C3B64C3A1B55321700E1A693 /* Products */;
			projectDirPath = "";
			projectRoot = "";
			targets = (
				C3B64C381B55321700E1A693 /* EABrightcoveTestApp */,
				C3B64C511B55321800E1A693 /* EABrightcoveTestAppTests */,
			);
		};
/* End PBXProject section */

/* Begin PBXResourcesBuildPhase section */
		C3B64C371B55321700E1A693 /* Resources */ = {
			isa = PBXResourcesBuildPhase;
			buildActionMask = 2147483647;
			files = (
				C3B64C4A1B55321700E1A693 /* Images.xcassets in Resources */,
			);
			runOnlyForDeploymentPostprocessing = 0;
		};
		C3B64C501B55321800E1A693 /* Resources */ = {
			isa = PBXResourcesBuildPhase;
			buildActionMask = 2147483647;
			files = (
			);
			runOnlyForDeploymentPostprocessing = 0;
		};
/* End PBXResourcesBuildPhase section */

/* Begin PBXShellScriptBuildPhase section */
		ADB77FDCE55C26D9D78F9D2C /* Copy Pods Resources */ = {
			isa = PBXShellScriptBuildPhase;
			buildActionMask = 2147483647;
			files = (
			);
			inputPaths = (
			);
			name = "Copy Pods Resources";
			outputPaths = (
			);
			runOnlyForDeploymentPostprocessing = 0;
			shellPath = /bin/sh;
			shellScript = "\"${SRCROOT}/Pods/Target Support Files/Pods/Pods-resources.sh\"\n";
			showEnvVarsInLog = 0;
		};
		CC360EE1A4566FB12CBBFF49 /* Check Pods Manifest.lock */ = {
			isa = PBXShellScriptBuildPhase;
			buildActionMask = 2147483647;
			files = (
			);
			inputPaths = (
			);
			name = "Check Pods Manifest.lock";
			outputPaths = (
			);
			runOnlyForDeploymentPostprocessing = 0;
			shellPath = /bin/sh;
			shellScript = "diff \"${PODS_ROOT}/../Podfile.lock\" \"${PODS_ROOT}/Manifest.lock\" > /dev/null\nif [[ $? != 0 ]] ; then\n    cat << EOM\nerror: The sandbox is not in sync with the Podfile.lock. Run 'pod install' or update your CocoaPods installation.\nEOM\n    exit 1\nfi\n";
			showEnvVarsInLog = 0;
		};
/* End PBXShellScriptBuildPhase section */

/* Begin PBXSourcesBuildPhase section */
		C3B64C351B55321700E1A693 /* Sources */ = {
			isa = PBXSourcesBuildPhase;
			buildActionMask = 2147483647;
			files = (
				C3B64C421B55321700E1A693 /* AppDelegate.m in Sources */,
				C3B64C3F1B55321700E1A693 /* main.m in Sources */,
			);
			runOnlyForDeploymentPostprocessing = 0;
		};
		C3B64C4E1B55321800E1A693 /* Sources */ = {
			isa = PBXSourcesBuildPhase;
			buildActionMask = 2147483647;
			files = (
				C3B64C591B55321800E1A693 /* EABrightcoveTestAppTests.m in Sources */,
			);
			runOnlyForDeploymentPostprocessing = 0;
		};
/* End PBXSourcesBuildPhase section */

/* Begin PBXTargetDependency section */
		C3B64C541B55321800E1A693 /* PBXTargetDependency */ = {
			isa = PBXTargetDependency;
			target = C3B64C381B55321700E1A693 /* EABrightcoveTestApp */;
			targetProxy = C3B64C531B55321800E1A693 /* PBXContainerItemProxy */;
		};
/* End PBXTargetDependency section */

/* Begin XCBuildConfiguration section */
		C3B64C5A1B55321800E1A693 /* Debug */ = {
			isa = XCBuildConfiguration;
			buildSettings = {
				ALWAYS_SEARCH_USER_PATHS = NO;
				CLANG_CXX_LANGUAGE_STANDARD = "gnu++0x";
				CLANG_CXX_LIBRARY = "libc++";
				CLANG_ENABLE_MODULES = YES;
				CLANG_ENABLE_OBJC_ARC = YES;
				CLANG_WARN_BOOL_CONVERSION = YES;
				CLANG_WARN_CONSTANT_CONVERSION = YES;
				CLANG_WARN_DIRECT_OBJC_ISA_USAGE = YES_ERROR;
				CLANG_WARN_EMPTY_BODY = YES;
				CLANG_WARN_ENUM_CONVERSION = YES;
				CLANG_WARN_INT_CONVERSION = YES;
				CLANG_WARN_OBJC_ROOT_CLASS = YES_ERROR;
				CLANG_WARN_UNREACHABLE_CODE = YES;
				CLANG_WARN__DUPLICATE_METHOD_MATCH = YES;
				"CODE_SIGN_IDENTITY[sdk=iphoneos*]" = "iPhone Developer";
				COPY_PHASE_STRIP = NO;
				DEBUG_INFORMATION_FORMAT = "dwarf-with-dsym";
				ENABLE_STRICT_OBJC_MSGSEND = YES;
				GCC_C_LANGUAGE_STANDARD = gnu99;
				GCC_DYNAMIC_NO_PIC = NO;
				GCC_NO_COMMON_BLOCKS = YES;
				GCC_OPTIMIZATION_LEVEL = 0;
				GCC_PREPROCESSOR_DEFINITIONS = (
					"DEBUG=1",
					"$(inherited)",
				);
				GCC_SYMBOLS_PRIVATE_EXTERN = NO;
				GCC_WARN_64_TO_32_BIT_CONVERSION = YES;
				GCC_WARN_ABOUT_RETURN_TYPE = YES_ERROR;
				GCC_WARN_UNDECLARED_SELECTOR = YES;
				GCC_WARN_UNINITIALIZED_AUTOS = YES_AGGRESSIVE;
				GCC_WARN_UNUSED_FUNCTION = YES;
				GCC_WARN_UNUSED_VARIABLE = YES;
				IPHONEOS_DEPLOYMENT_TARGET = 8.4;
				MTL_ENABLE_DEBUG_INFO = YES;
				ONLY_ACTIVE_ARCH = YES;
				SDKROOT = iphoneos;
			};
			name = Debug;
		};
		C3B64C5B1B55321800E1A693 /* Release */ = {
			isa = XCBuildConfiguration;
			buildSettings = {
				ALWAYS_SEARCH_USER_PATHS = NO;
				CLANG_CXX_LANGUAGE_STANDARD = "gnu++0x";
				CLANG_CXX_LIBRARY = "libc++";
				CLANG_ENABLE_MODULES = YES;
				CLANG_ENABLE_OBJC_ARC = YES;
				CLANG_WARN_BOOL_CONVERSION = YES;
				CLANG_WARN_CONSTANT_CONVERSION = YES;
				CLANG_WARN_DIRECT_OBJC_ISA_USAGE = YES_ERROR;
				CLANG_WARN_EMPTY_BODY = YES;
				CLANG_WARN_ENUM_CONVERSION = YES;
				CLANG_WARN_INT_CONVERSION = YES;
				CLANG_WARN_OBJC_ROOT_CLASS = YES_ERROR;
				CLANG_WARN_UNREACHABLE_CODE = YES;
				CLANG_WARN__DUPLICATE_METHOD_MATCH = YES;
				"CODE_SIGN_IDENTITY[sdk=iphoneos*]" = "iPhone Developer";
				COPY_PHASE_STRIP = NO;
				DEBUG_INFORMATION_FORMAT = "dwarf-with-dsym";
				ENABLE_NS_ASSERTIONS = NO;
				ENABLE_STRICT_OBJC_MSGSEND = YES;
				GCC_C_LANGUAGE_STANDARD = gnu99;
				GCC_NO_COMMON_BLOCKS = YES;
				GCC_WARN_64_TO_32_BIT_CONVERSION = YES;
				GCC_WARN_ABOUT_RETURN_TYPE = YES_ERROR;
				GCC_WARN_UNDECLARED_SELECTOR = YES;
				GCC_WARN_UNINITIALIZED_AUTOS = YES_AGGRESSIVE;
				GCC_WARN_UNUSED_FUNCTION = YES;
				GCC_WARN_UNUSED_VARIABLE = YES;
				IPHONEOS_DEPLOYMENT_TARGET = 8.4;
				MTL_ENABLE_DEBUG_INFO = NO;
				SDKROOT = iphoneos;
				VALIDATE_PRODUCT = YES;
			};
			name = Release;
		};
		C3B64C5D1B55321800E1A693 /* Debug */ = {
			isa = XCBuildConfiguration;
			baseConfigurationReference = 6D2CE1BD57195F8042D06078 /* Pods.debug.xcconfig */;
			buildSettings = {
				ASSETCATALOG_COMPILER_APPICON_NAME = AppIcon;
				ASSETCATALOG_COMPILER_LAUNCHIMAGE_NAME = LaunchImage;
				INFOPLIST_FILE = EABrightcoveTestApp/Info.plist;
				LD_RUNPATH_SEARCH_PATHS = "$(inherited) @executable_path/Frameworks";
				PRODUCT_NAME = "$(TARGET_NAME)";
			};
			name = Debug;
		};
		C3B64C5E1B55321800E1A693 /* Release */ = {
			isa = XCBuildConfiguration;
			baseConfigurationReference = 75845D63EB4F63D8EB2AF57B /* Pods.release.xcconfig */;
			buildSettings = {
				ASSETCATALOG_COMPILER_APPICON_NAME = AppIcon;
				ASSETCATALOG_COMPILER_LAUNCHIMAGE_NAME = LaunchImage;
				INFOPLIST_FILE = EABrightcoveTestApp/Info.plist;
				LD_RUNPATH_SEARCH_PATHS = "$(inherited) @executable_path/Frameworks";
				PRODUCT_NAME = "$(TARGET_NAME)";
			};
			name = Release;
		};
		C3B64C601B55321800E1A693 /* Debug */ = {
			isa = XCBuildConfiguration;
			buildSettings = {
				BUNDLE_LOADER = "$(TEST_HOST)";
				FRAMEWORK_SEARCH_PATHS = (
					"$(SDKROOT)/Developer/Library/Frameworks",
					"$(inherited)",
				);
				GCC_PREPROCESSOR_DEFINITIONS = (
					"DEBUG=1",
					"$(inherited)",
				);
				INFOPLIST_FILE = EABrightcoveTestAppTests/Info.plist;
				LD_RUNPATH_SEARCH_PATHS = "$(inherited) @executable_path/Frameworks @loader_path/Frameworks";
				PRODUCT_NAME = "$(TARGET_NAME)";
				TEST_HOST = "$(BUILT_PRODUCTS_DIR)/EABrightcoveTestApp.app/EABrightcoveTestApp";
			};
			name = Debug;
		};
		C3B64C611B55321800E1A693 /* Release */ = {
			isa = XCBuildConfiguration;
			buildSettings = {
				BUNDLE_LOADER = "$(TEST_HOST)";
				FRAMEWORK_SEARCH_PATHS = (
					"$(SDKROOT)/Developer/Library/Frameworks",
					"$(inherited)",
				);
				INFOPLIST_FILE = EABrightcoveTestAppTests/Info.plist;
				LD_RUNPATH_SEARCH_PATHS = "$(inherited) @executable_path/Frameworks @loader_path/Frameworks";
				PRODUCT_NAME = "$(TARGET_NAME)";
				TEST_HOST = "$(BUILT_PRODUCTS_DIR)/EABrightcoveTestApp.app/EABrightcoveTestApp";
			};
			name = Release;
		};
/* End XCBuildConfiguration section */

/* Begin XCConfigurationList section */
		C3B64C341B55321700E1A693 /* Build configuration list for PBXProject "EABrightcoveTestApp" */ = {
			isa = XCConfigurationList;
			buildConfigurations = (
				C3B64C5A1B55321800E1A693 /* Debug */,
				C3B64C5B1B55321800E1A693 /* Release */,
			);
			defaultConfigurationIsVisible = 0;
			defaultConfigurationName = Release;
		};
		C3B64C5C1B55321800E1A693 /* Build configuration list for PBXNativeTarget "EABrightcoveTestApp" */ = {
			isa = XCConfigurationList;
			buildConfigurations = (
				C3B64C5D1B55321800E1A693 /* Debug */,
				C3B64C5E1B55321800E1A693 /* Release */,
			);
			defaultConfigurationIsVisible = 0;
			defaultConfigurationName = Release;
		};
		C3B64C5F1B55321800E1A693 /* Build configuration list for PBXNativeTarget "EABrightcoveTestAppTests" */ = {
			isa = XCConfigurationList;
			buildConfigurations = (
				C3B64C601B55321800E1A693 /* Debug */,
				C3B64C611B55321800E1A693 /* Release */,
			);
			defaultConfigurationIsVisible = 0;
			defaultConfigurationName = Release;
		};
/* End XCConfigurationList section */
	};
	rootObject = C3B64C311B55321700E1A693 /* Project object */;
}
